
Microsoft Visual Studio Solution File, Format Version 12.00
# Visual Studio 2012
VisualStudioVersion = 12.0.31101.0
MinimumVisualStudioVersion = 10.0.40219.1
Project("{FAE04EC0-301F-11D3-BF4B-00C04F79EFBC}") = "LazyImageLoading", "LazyImageLoading\LazyImageLoading\LazyImageLoading.csproj", "{917C3A6F-0388-42D1-AFD4-CB512B1108B6}"
EndProject
Project("{FAE04EC0-301F-11D3-BF4B-00C04F79EFBC}") = "LazyImageLoading.iOS", "LazyImageLoading\LazyImageLoading.iOS\LazyImageLoading.iOS.csproj", "{9BC1B095-4D91-44CC-B63F-A207639C64AB}"
EndProject
Project("{FAE04EC0-301F-11D3-BF4B-00C04F79EFBC}") = "LazyImageLoading.Droid", "LazyImageLoading\LazyImageLoading.Droid\LazyImageLoading.Droid.csproj", "{97A29A47-4CC8-4E2D-A062-EB474306B8FF}"
EndProject
Project("{FAE04EC0-301F-11D3-BF4B-00C04F79EFBC}") = "LazyImageLoading.WinPhone", "LazyImageLoading\LazyImageLoading.WinPhone\LazyImageLoading.WinPhone.csproj", "{F68206E5-D8C6-4A0E-A46D-124A210A1C60}"
EndProject
Global
	GlobalSection(SolutionConfigurationPlatforms) = preSolution
		Ad-Hoc|Any CPU = Ad-Hoc|Any CPU
		Ad-Hoc|ARM = Ad-Hoc|ARM
		Ad-Hoc|iPhone = Ad-Hoc|iPhone
		Ad-Hoc|iPhoneSimulator = Ad-Hoc|iPhoneSimulator
		Ad-Hoc|Mixed Platforms = Ad-Hoc|Mixed Platforms
		Ad-Hoc|x86 = Ad-Hoc|x86
		AppStore|Any CPU = AppStore|Any CPU
		AppStore|ARM = AppStore|ARM
		AppStore|iPhone = AppStore|iPhone
		AppStore|iPhoneSimulator = AppStore|iPhoneSimulator
		AppStore|Mixed Platforms = AppStore|Mixed Platforms
		AppStore|x86 = AppStore|x86
		Debug|Any CPU = Debug|Any CPU
		Debug|ARM = Debug|ARM
		Debug|iPhone = Debug|iPhone
		Debug|iPhoneSimulator = Debug|iPhoneSimulator
		Debug|Mixed Platforms = Debug|Mixed Platforms
		Debug|x86 = Debug|x86
		Release|Any CPU = Release|Any CPU
		Release|ARM = Release|ARM
		Release|iPhone = Release|iPhone
		Release|iPhoneSimulator = Release|iPhoneSimulator
		Release|Mixed Platforms = Release|Mixed Platforms
		Release|x86 = Release|x86
	EndGlobalSection
	GlobalSection(ProjectConfigurationPlatforms) = postSolution
		{917C3A6F-0388-42D1-AFD4-CB512B1108B6}.Ad-Hoc|Any CPU.ActiveCfg = Release|Any CPU
		{917C3A6F-0388-42D1-AFD4-CB512B1108B6}.Ad-Hoc|Any CPU.Build.0 = Release|Any CPU
		{917C3A6F-0388-42D1-AFD4-CB512B1108B6}.Ad-Hoc|ARM.ActiveCfg = Release|Any CPU
		{917C3A6F-0388-42D1-AFD4-CB512B1108B6}.Ad-Hoc|iPhone.ActiveCfg = Release|Any CPU
		{917C3A6F-0388-42D1-AFD4-CB512B1108B6}.Ad-Hoc|iPhoneSimulator.ActiveCfg = Release|Any CPU
		{917C3A6F-0388-42D1-AFD4-CB512B1108B6}.Ad-Hoc|Mixed Platforms.ActiveCfg = Release|Any CPU
		{917C3A6F-0388-42D1-AFD4-CB512B1108B6}.Ad-Hoc|Mixed Platforms.Build.0 = Release|Any CPU
		{917C3A6F-0388-42D1-AFD4-CB512B1108B6}.Ad-Hoc|x86.ActiveCfg = Release|Any CPU
		{917C3A6F-0388-42D1-AFD4-CB512B1108B6}.AppStore|Any CPU.ActiveCfg = Release|Any CPU
		{917C3A6F-0388-42D1-AFD4-CB512B1108B6}.AppStore|Any CPU.Build.0 = Release|Any CPU
		{917C3A6F-0388-42D1-AFD4-CB512B1108B6}.AppStore|ARM.ActiveCfg = Release|Any CPU
		{917C3A6F-0388-42D1-AFD4-CB512B1108B6}.AppStore|iPhone.ActiveCfg = Release|Any CPU
		{917C3A6F-0388-42D1-AFD4-CB512B1108B6}.AppStore|iPhoneSimulator.ActiveCfg = Release|Any CPU
		{917C3A6F-0388-42D1-AFD4-CB512B1108B6}.AppStore|Mixed Platforms.ActiveCfg = Release|Any CPU
		{917C3A6F-0388-42D1-AFD4-CB512B1108B6}.AppStore|Mixed Platforms.Build.0 = Release|Any CPU
		{917C3A6F-0388-42D1-AFD4-CB512B1108B6}.AppStore|x86.ActiveCfg = Release|Any CPU
		{917C3A6F-0388-42D1-AFD4-CB512B1108B6}.Debug|Any CPU.ActiveCfg = Debug|Any CPU
		{917C3A6F-0388-42D1-AFD4-CB512B1108B6}.Debug|Any CPU.Build.0 = Debug|Any CPU
		{917C3A6F-0388-42D1-AFD4-CB512B1108B6}.Debug|ARM.ActiveCfg = Debug|Any CPU
		{917C3A6F-0388-42D1-AFD4-CB512B1108B6}.Debug|iPhone.ActiveCfg = Debug|Any CPU
		{917C3A6F-0388-42D1-AFD4-CB512B1108B6}.Debug|iPhoneSimulator.ActiveCfg = Debug|Any CPU
		{917C3A6F-0388-42D1-AFD4-CB512B1108B6}.Debug|Mixed Platforms.ActiveCfg = Debug|Any CPU
		{917C3A6F-0388-42D1-AFD4-CB512B1108B6}.Debug|Mixed Platforms.Build.0 = Debug|Any CPU
		{917C3A6F-0388-42D1-AFD4-CB512B1108B6}.Debug|x86.ActiveCfg = Debug|Any CPU
		{917C3A6F-0388-42D1-AFD4-CB512B1108B6}.Release|Any CPU.ActiveCfg = Release|Any CPU
		{917C3A6F-0388-42D1-AFD4-CB512B1108B6}.Release|Any CPU.Build.0 = Release|Any CPU
		{917C3A6F-0388-42D1-AFD4-CB512B1108B6}.Release|ARM.ActiveCfg = Release|Any CPU
		{917C3A6F-0388-42D1-AFD4-CB512B1108B6}.Release|iPhone.ActiveCfg = Release|Any CPU
		{917C3A6F-0388-42D1-AFD4-CB512B1108B6}.Release|iPhoneSimulator.ActiveCfg = Release|Any CPU
		{917C3A6F-0388-42D1-AFD4-CB512B1108B6}.Release|Mixed Platforms.ActiveCfg = Release|Any CPU
		{917C3A6F-0388-42D1-AFD4-CB512B1108B6}.Release|Mixed Platforms.Build.0 = Release|Any CPU
		{917C3A6F-0388-42D1-AFD4-CB512B1108B6}.Release|x86.ActiveCfg = Release|Any CPU
		{97A29A47-4CC8-4E2D-A062-EB474306B8FF}.Ad-Hoc|Any CPU.ActiveCfg = Release|Any CPU
		{97A29A47-4CC8-4E2D-A062-EB474306B8FF}.Ad-Hoc|Any CPU.Build.0 = Release|Any CPU
		{97A29A47-4CC8-4E2D-A062-EB474306B8FF}.Ad-Hoc|Any CPU.Deploy.0 = Release|Any CPU
		{97A29A47-4CC8-4E2D-A062-EB474306B8FF}.Ad-Hoc|ARM.ActiveCfg = Release|Any CPU
		{97A29A47-4CC8-4E2D-A062-EB474306B8FF}.Ad-Hoc|iPhone.ActiveCfg = Release|Any CPU
		{97A29A47-4CC8-4E2D-A062-EB474306B8FF}.Ad-Hoc|iPhoneSimulator.ActiveCfg = Release|Any CPU
		{97A29A47-4CC8-4E2D-A062-EB474306B8FF}.Ad-Hoc|Mixed Platforms.ActiveCfg = Release|Any CPU
		{97A29A47-4CC8-4E2D-A062-EB474306B8FF}.Ad-Hoc|Mixed Platforms.Build.0 = Release|Any CPU
		{97A29A47-4CC8-4E2D-A062-EB474306B8FF}.Ad-Hoc|Mixed Platforms.Deploy.0 = Release|Any CPU
		{97A29A47-4CC8-4E2D-A062-EB474306B8FF}.Ad-Hoc|x86.ActiveCfg = Release|Any CPU
		{97A29A47-4CC8-4E2D-A062-EB474306B8FF}.AppStore|Any CPU.ActiveCfg = Release|Any CPU
		{97A29A47-4CC8-4E2D-A062-EB474306B8FF}.AppStore|Any CPU.Build.0 = Release|Any CPU
		{97A29A47-4CC8-4E2D-A062-EB474306B8FF}.AppStore|Any CPU.Deploy.0 = Release|Any CPU
		{97A29A47-4CC8-4E2D-A062-EB474306B8FF}.AppStore|ARM.ActiveCfg = Release|Any CPU
		{97A29A47-4CC8-4E2D-A062-EB474306B8FF}.AppStore|iPhone.ActiveCfg = Release|Any CPU
		{97A29A47-4CC8-4E2D-A062-EB474306B8FF}.AppStore|iPhoneSimulator.ActiveCfg = Release|Any CPU
		{97A29A47-4CC8-4E2D-A062-EB474306B8FF}.AppStore|Mixed Platforms.ActiveCfg = Release|Any CPU
		{97A29A47-4CC8-4E2D-A062-EB474306B8FF}.AppStore|Mixed Platforms.Build.0 = Release|Any CPU
		{97A29A47-4CC8-4E2D-A062-EB474306B8FF}.AppStore|Mixed Platforms.Deploy.0 = Release|Any CPU
		{97A29A47-4CC8-4E2D-A062-EB474306B8FF}.AppStore|x86.ActiveCfg = Release|Any CPU
		{97A29A47-4CC8-4E2D-A062-EB474306B8FF}.Debug|Any CPU.ActiveCfg = Debug|Any CPU
		{97A29A47-4CC8-4E2D-A062-EB474306B8FF}.Debug|Any CPU.Build.0 = Debug|Any CPU
		{97A29A47-4CC8-4E2D-A062-EB474306B8FF}.Debug|Any CPU.Deploy.0 = Debug|Any CPU
		{97A29A47-4CC8-4E2D-A062-EB474306B8FF}.Debug|ARM.ActiveCfg = Debug|Any CPU
		{97A29A47-4CC8-4E2D-A062-EB474306B8FF}.Debug|iPhone.ActiveCfg = Debug|Any CPU
		{97A29A47-4CC8-4E2D-A062-EB474306B8FF}.Debug|iPhoneSimulator.ActiveCfg = Debug|Any CPU
		{97A29A47-4CC8-4E2D-A062-EB474306B8FF}.Debug|Mixed Platforms.ActiveCfg = Debug|Any CPU
		{97A29A47-4CC8-4E2D-A062-EB474306B8FF}.Debug|Mixed Platforms.Build.0 = Debug|Any CPU
		{97A29A47-4CC8-4E2D-A062-EB474306B8FF}.Debug|Mixed Platforms.Deploy.0 = Debug|Any CPU
		{97A29A47-4CC8-4E2D-A062-EB474306B8FF}.Debug|x86.ActiveCfg = Debug|Any CPU
		{97A29A47-4CC8-4E2D-A062-EB474306B8FF}.Release|Any CPU.ActiveCfg = Release|Any CPU
		{97A29A47-4CC8-4E2D-A062-EB474306B8FF}.Release|Any CPU.Build.0 = Release|Any CPU
		{97A29A47-4CC8-4E2D-A062-EB474306B8FF}.Release|Any CPU.Deploy.0 = Release|Any CPU
		{97A29A47-4CC8-4E2D-A062-EB474306B8FF}.Release|ARM.ActiveCfg = Release|Any CPU
		{97A29A47-4CC8-4E2D-A062-EB474306B8FF}.Release|iPhone.ActiveCfg = Release|Any CPU
		{97A29A47-4CC8-4E2D-A062-EB474306B8FF}.Release|iPhoneSimulator.ActiveCfg = Release|Any CPU
		{97A29A47-4CC8-4E2D-A062-EB474306B8FF}.Release|Mixed Platforms.ActiveCfg = Release|Any CPU
		{97A29A47-4CC8-4E2D-A062-EB474306B8FF}.Release|Mixed Platforms.Build.0 = Release|Any CPU
		{97A29A47-4CC8-4E2D-A062-EB474306B8FF}.Release|Mixed Platforms.Deploy.0 = Release|Any CPU
		{97A29A47-4CC8-4E2D-A062-EB474306B8FF}.Release|x86.ActiveCfg = Release|Any CPU
		{9BC1B095-4D91-44CC-B63F-A207639C64AB}.Ad-Hoc|Any CPU.ActiveCfg = Ad-Hoc|iPhone
		{9BC1B095-4D91-44CC-B63F-A207639C64AB}.Ad-Hoc|ARM.ActiveCfg = Ad-Hoc|iPhone
		{9BC1B095-4D91-44CC-B63F-A207639C64AB}.Ad-Hoc|iPhone.ActiveCfg = Ad-Hoc|iPhone
		{9BC1B095-4D91-44CC-B63F-A207639C64AB}.Ad-Hoc|iPhone.Build.0 = Ad-Hoc|iPhone
		{9BC1B095-4D91-44CC-B63F-A207639C64AB}.Ad-Hoc|iPhoneSimulator.ActiveCfg = Ad-Hoc|iPhoneSimulator
		{9BC1B095-4D91-44CC-B63F-A207639C64AB}.Ad-Hoc|iPhoneSimulator.Build.0 = Ad-Hoc|iPhoneSimulator
		{9BC1B095-4D91-44CC-B63F-A207639C64AB}.Ad-Hoc|Mixed Platforms.ActiveCfg = Ad-Hoc|iPhone
		{9BC1B095-4D91-44CC-B63F-A207639C64AB}.Ad-Hoc|Mixed Platforms.Build.0 = Ad-Hoc|iPhone
		{9BC1B095-4D91-44CC-B63F-A207639C64AB}.Ad-Hoc|x86.ActiveCfg = Ad-Hoc|iPhone
		{9BC1B095-4D91-44CC-B63F-A207639C64AB}.AppStore|Any CPU.ActiveCfg = AppStore|iPhone
		{9BC1B095-4D91-44CC-B63F-A207639C64AB}.AppStore|ARM.ActiveCfg = AppStore|iPhone
		{9BC1B095-4D91-44CC-B63F-A207639C64AB}.AppStore|iPhone.ActiveCfg = AppStore|iPhone
		{9BC1B095-4D91-44CC-B63F-A207639C64AB}.AppStore|iPhone.Build.0 = AppStore|iPhone
		{9BC1B095-4D91-44CC-B63F-A207639C64AB}.AppStore|iPhoneSimulator.ActiveCfg = AppStore|iPhoneSimulator
		{9BC1B095-4D91-44CC-B63F-A207639C64AB}.AppStore|iPhoneSimulator.Build.0 = AppStore|iPhoneSimulator
		{9BC1B095-4D91-44CC-B63F-A207639C64AB}.AppStore|Mixed Platforms.ActiveCfg = AppStore|iPhone
		{9BC1B095-4D91-44CC-B63F-A207639C64AB}.AppStore|Mixed Platforms.Build.0 = AppStore|iPhone
		{9BC1B095-4D91-44CC-B63F-A207639C64AB}.AppStore|x86.ActiveCfg = AppStore|iPhone
		{9BC1B095-4D91-44CC-B63F-A207639C64AB}.Debug|Any CPU.ActiveCfg = Debug|iPhone
		{9BC1B095-4D91-44CC-B63F-A207639C64AB}.Debug|ARM.ActiveCfg = Debug|iPhone
		{9BC1B095-4D91-44CC-B63F-A207639C64AB}.Debug|iPhone.ActiveCfg = Debug|iPhone
		{9BC1B095-4D91-44CC-B63F-A207639C64AB}.Debug|iPhone.Build.0 = Debug|iPhone
		{9BC1B095-4D91-44CC-B63F-A207639C64AB}.Debug|iPhoneSimulator.ActiveCfg = Debug|iPhoneSimulator
		{9BC1B095-4D91-44CC-B63F-A207639C64AB}.Debug|iPhoneSimulator.Build.0 = Debug|iPhoneSimulator
		{9BC1B095-4D91-44CC-B63F-A207639C64AB}.Debug|Mixed Platforms.ActiveCfg = Debug|iPhone
		{9BC1B095-4D91-44CC-B63F-A207639C64AB}.Debug|Mixed Platforms.Build.0 = Debug|iPhone
		{9BC1B095-4D91-44CC-B63F-A207639C64AB}.Debug|x86.ActiveCfg = Debug|iPhone
		{9BC1B095-4D91-44CC-B63F-A207639C64AB}.Release|Any CPU.ActiveCfg = Release|iPhone
		{9BC1B095-4D91-44CC-B63F-A207639C64AB}.Release|ARM.ActiveCfg = Release|iPhone
		{9BC1B095-4D91-44CC-B63F-A207639C64AB}.Release|iPhone.ActiveCfg = Release|iPhone
		{9BC1B095-4D91-44CC-B63F-A207639C64AB}.Release|iPhone.Build.0 = Release|iPhone
		{9BC1B095-4D91-44CC-B63F-A207639C64AB}.Release|iPhoneSimulator.ActiveCfg = Release|iPhoneSimulator
		{9BC1B095-4D91-44CC-B63F-A207639C64AB}.Release|iPhoneSimulator.Build.0 = Release|iPhoneSimulator
		{9BC1B095-4D91-44CC-B63F-A207639C64AB}.Release|Mixed Platforms.ActiveCfg = Release|iPhone
		{9BC1B095-4D91-44CC-B63F-A207639C64AB}.Release|Mixed Platforms.Build.0 = Release|iPhone
		{9BC1B095-4D91-44CC-B63F-A207639C64AB}.Release|x86.ActiveCfg = Release|iPhone
		{F68206E5-D8C6-4A0E-A46D-124A210A1C60}.Ad-Hoc|Any CPU.ActiveCfg = Release|Any CPU
		{F68206E5-D8C6-4A0E-A46D-124A210A1C60}.Ad-Hoc|Any CPU.Build.0 = Release|Any CPU
		{F68206E5-D8C6-4A0E-A46D-124A210A1C60}.Ad-Hoc|Any CPU.Deploy.0 = Release|Any CPU
		{F68206E5-D8C6-4A0E-A46D-124A210A1C60}.Ad-Hoc|ARM.ActiveCfg = Release|ARM
		{F68206E5-D8C6-4A0E-A46D-124A210A1C60}.Ad-Hoc|ARM.Build.0 = Release|ARM
		{F68206E5-D8C6-4A0E-A46D-124A210A1C60}.Ad-Hoc|ARM.Deploy.0 = Release|ARM
		{F68206E5-D8C6-4A0E-A46D-124A210A1C60}.Ad-Hoc|iPhone.ActiveCfg = Release|Any CPU
		{F68206E5-D8C6-4A0E-A46D-124A210A1C60}.Ad-Hoc|iPhoneSimulator.ActiveCfg = Release|Any CPU
		{F68206E5-D8C6-4A0E-A46D-124A210A1C60}.Ad-Hoc|Mixed Platforms.ActiveCfg = Release|x86
		{F68206E5-D8C6-4A0E-A46D-124A210A1C60}.Ad-Hoc|Mixed Platforms.Build.0 = Release|x86
		{F68206E5-D8C6-4A0E-A46D-124A210A1C60}.Ad-Hoc|Mixed Platforms.Deploy.0 = Release|x86
		{F68206E5-D8C6-4A0E-A46D-124A210A1C60}.Ad-Hoc|x86.ActiveCfg = Release|x86
		{F68206E5-D8C6-4A0E-A46D-124A210A1C60}.Ad-Hoc|x86.Build.0 = Release|x86
		{F68206E5-D8C6-4A0E-A46D-124A210A1C60}.Ad-Hoc|x86.Deploy.0 = Release|x86
		{F68206E5-D8C6-4A0E-A46D-124A210A1C60}.AppStore|Any CPU.ActiveCfg = Release|Any CPU
		{F68206E5-D8C6-4A0E-A46D-124A210A1C60}.AppStore|Any CPU.Build.0 = Release|Any CPU
		{F68206E5-D8C6-4A0E-A46D-124A210A1C60}.AppStore|Any CPU.Deploy.0 = Release|Any CPU
		{F68206E5-D8C6-4A0E-A46D-124A210A1C60}.AppStore|ARM.ActiveCfg = Release|ARM
		{F68206E5-D8C6-4A0E-A46D-124A210A1C60}.AppStore|ARM.Build.0 = Release|ARM
		{F68206E5-D8C6-4A0E-A46D-124A210A1C60}.AppStore|ARM.Deploy.0 = Release|ARM
		{F68206E5-D8C6-4A0E-A46D-124A210A1C60}.AppStore|iPhone.ActiveCfg = Release|Any CPU
		{F68206E5-D8C6-4A0E-A46D-124A210A1C60}.AppStore|iPhoneSimulator.ActiveCfg = Release|Any CPU
		{F68206E5-D8C6-4A0E-A46D-124A210A1C60}.AppStore|Mixed Platforms.ActiveCfg = Release|x86
		{F68206E5-D8C6-4A0E-A46D-124A210A1C60}.AppStore|Mixed Platforms.Build.0 = Release|x86
		{F68206E5-D8C6-4A0E-A46D-124A210A1C60}.AppStore|Mixed Platforms.Deploy.0 = Release|x86
		{F68206E5-D8C6-4A0E-A46D-124A210A1C60}.AppStore|x86.ActiveCfg = Release|x86
		{F68206E5-D8C6-4A0E-A46D-124A210A1C60}.AppStore|x86.Build.0 = Release|x86
		{F68206E5-D8C6-4A0E-A46D-124A210A1C60}.AppStore|x86.Deploy.0 = Release|x86
		{F68206E5-D8C6-4A0E-A46D-124A210A1C60}.Debug|Any CPU.ActiveCfg = Debug|Any CPU
		{F68206E5-D8C6-4A0E-A46D-124A210A1C60}.Debug|Any CPU.Build.0 = Debug|Any CPU
		{F68206E5-D8C6-4A0E-A46D-124A210A1C60}.Debug|Any CPU.Deploy.0 = Debug|Any CPU
		{F68206E5-D8C6-4A0E-A46D-124A210A1C60}.Debug|ARM.ActiveCfg = Debug|ARM
		{F68206E5-D8C6-4A0E-A46D-124A210A1C60}.Debug|ARM.Build.0 = Debug|ARM
		{F68206E5-D8C6-4A0E-A46D-124A210A1C60}.Debug|ARM.Deploy.0 = Debug|ARM
		{F68206E5-D8C6-4A0E-A46D-124A210A1C60}.Debug|iPhone.ActiveCfg = Debug|Any CPU
		{F68206E5-D8C6-4A0E-A46D-124A210A1C60}.Debug|iPhoneSimulator.ActiveCfg = Debug|Any CPU
		{F68206E5-D8C6-4A0E-A46D-124A210A1C60}.Debug|Mixed Platforms.ActiveCfg = Debug|x86
		{F68206E5-D8C6-4A0E-A46D-124A210A1C60}.Debug|Mixed Platforms.Build.0 = Debug|x86
		{F68206E5-D8C6-4A0E-A46D-124A210A1C60}.Debug|Mixed Platforms.Deploy.0 = Debug|x86
		{F68206E5-D8C6-4A0E-A46D-124A210A1C60}.Debug|x86.ActiveCfg = Debug|x86
		{F68206E5-D8C6-4A0E-A46D-124A210A1C60}.Debug|x86.Build.0 = Debug|x86
		{F68206E5-D8C6-4A0E-A46D-124A210A1C60}.Debug|x86.Deploy.0 = Debug|x86
		{F68206E5-D8C6-4A0E-A46D-124A210A1C60}.Release|Any CPU.ActiveCfg = Release|Any CPU
		{F68206E5-D8C6-4A0E-A46D-124A210A1C60}.Release|Any CPU.Build.0 = Release|Any CPU
		{F68206E5-D8C6-4A0E-A46D-124A210A1C60}.Release|Any CPU.Deploy.0 = Release|Any CPU
		{F68206E5-D8C6-4A0E-A46D-124A210A1C60}.Release|ARM.ActiveCfg = Release|ARM
		{F68206E5-D8C6-4A0E-A46D-124A210A1C60}.Release|ARM.Build.0 = Release|ARM
		{F68206E5-D8C6-4A0E-A46D-124A210A1C60}.Release|ARM.Deploy.0 = Release|ARM
		{F68206E5-D8C6-4A0E-A46D-124A210A1C60}.Release|iPhone.ActiveCfg = Release|Any CPU
		{F68206E5-D8C6-4A0E-A46D-124A210A1C60}.Release|iPhoneSimulator.ActiveCfg = Release|Any CPU
		{F68206E5-D8C6-4A0E-A46D-124A210A1C60}.Release|Mixed Platforms.ActiveCfg = Release|x86
		{F68206E5-D8C6-4A0E-A46D-124A210A1C60}.Release|Mixed Platforms.Build.0 = Release|x86
		{F68206E5-D8C6-4A0E-A46D-124A210A1C60}.Release|Mixed Platforms.Deploy.0 = Release|x86
		{F68206E5-D8C6-4A0E-A46D-124A210A1C60}.Release|x86.ActiveCfg = Release|x86
		{F68206E5-D8C6-4A0E-A46D-124A210A1C60}.Release|x86.Build.0 = Release|x86
		{F68206E5-D8C6-4A0E-A46D-124A210A1C60}.Release|x86.Deploy.0 = Release|x86
	EndGlobalSection
	GlobalSection(SolutionProperties) = preSolution
		HideSolutionNode = FALSE
	EndGlobalSection
EndGlobal
